
Microsoft Visual Studio Solution File, Format Version 12.00
# Visual Studio Version 17
VisualStudioVersion = 17.11.35219.272
MinimumVisualStudioVersion = 10.0.40219.1
Project("{FAE04EC0-301F-11D3-BF4B-00C04F79EFBC}") = "E_Fawatercom_Test", "E_Fawatercom_Test.csproj", "{6079F61E-C578-4587-B60A-AF086432343A}"
EndProject
Global
	GlobalSection(SolutionConfigurationPlatforms) = preSolution
		Debug|Any CPU = Debug|Any CPU
		Release|Any CPU = Release|Any CPU
	EndGlobalSection
	GlobalSection(ProjectConfigurationPlatforms) = postSolution
		{6079F61E-C578-4587-B60A-AF086432343A}.Debug|Any CPU.ActiveCfg = Debug|Any CPU
		{6079F61E-C578-4587-B60A-AF086432343A}.Debug|Any CPU.Build.0 = Debug|Any CPU
		{6079F61E-C578-4587-B60A-AF086432343A}.Release|Any CPU.ActiveCfg = Release|Any CPU
		{6079F61E-C578-4587-B60A-AF086432343A}.Release|Any CPU.Build.0 = Release|Any CPU
	EndGlobalSection
	GlobalSection(SolutionProperties) = preSolution
		HideSolutionNode = FALSE
	EndGlobalSection
	GlobalSection(ExtensibilityGlobals) = postSolution
		SolutionGuid = {DA7DFCDD-77DE-4E55-A239-440A85A2DE2C}
	EndGlobalSection
EndGlobal
